PODS:
  - Capacitor (6.2.1):
    - CapacitorCordova
  - CapacitorCordova (6.2.1)
  - PinwheelCapacitorSdk (4.0.0):
    - Capacitor
    - PinwheelSDK (= 4.0.0)
  - PinwheelSDK (4.0.0):
    - PinwheelSDK/PinwheelLinkSDK (= 4.0.0)
  - PinwheelSDK/PinwheelLinkSDK (4.0.0)

DEPENDENCIES:
  - "Capacitor (from `../../node_modules/@capacitor/ios`)"
  - "CapacitorCordova (from `../../node_modules/@capacitor/ios`)"
  - PinwheelCapacitorSdk (from `../../..`)

SPEC REPOS:
  trunk:
    - PinwheelSDK

EXTERNAL SOURCES:
  Capacitor:
    :path: "../../node_modules/@capacitor/ios"
  CapacitorCordova:
    :path: "../../node_modules/@capacitor/ios"
  PinwheelCapacitorSdk:
    :path: "../../.."

SPEC CHECKSUMS:
  Capacitor: c95400d761e376be9da6be5a05f226c0e865cebf
  CapacitorCordova: 8d93e14982f440181be7304aa9559ca631d77fff
  PinwheelCapacitorSdk: 90d5eae7b287b9d98bdf950057eb34e53b3db4af
  PinwheelSDK: 10ef63a296940bf271620cf5767fb20131abeedf

PODFILE CHECKSUM: 6c93decb93e915d8a0ff885e362edf354ed5e40d

COCOAPODS: 1.16.2
